
Microsoft Visual Studio Solution File, Format Version 12.00
# Visual Studio 15
VisualStudioVersion = 15.0.27130.2003
MinimumVisualStudioVersion = 10.0.40219.1
Project("{FAE04EC0-301F-11D3-BF4B-00C04F79EFBC}") = "STM.GDA.Web", "STM.GDA.Web\STM.GDA.Web.csproj", "{0459AB3C-AFE9-44C5-9304-03AF96BEF2E6}"
EndProject
Project("{FAE04EC0-301F-11D3-BF4B-00C04F79EFBC}") = "STM.GDA.DataAccess", "STM.GDA.DataAccess\STM.GDA.DataAccess.csproj", "{515D6365-98D3-4547-9E16-D830A92D2CAF}"
EndProject
Global
	GlobalSection(SolutionConfigurationPlatforms) = preSolution
		Debug|Any CPU = Debug|Any CPU
		Release|Any CPU = Release|Any CPU
	EndGlobalSection
	GlobalSection(ProjectConfigurationPlatforms) = postSolution
		{0459AB3C-AFE9-44C5-9304-03AF96BEF2E6}.Debug|Any CPU.ActiveCfg = Debug|Any CPU
		{0459AB3C-AFE9-44C5-9304-03AF96BEF2E6}.Debug|Any CPU.Build.0 = Debug|Any CPU
		{0459AB3C-AFE9-44C5-9304-03AF96BEF2E6}.Release|Any CPU.ActiveCfg = Release|Any CPU
		{0459AB3C-AFE9-44C5-9304-03AF96BEF2E6}.Release|Any CPU.Build.0 = Release|Any CPU
		{515D6365-98D3-4547-9E16-D830A92D2CAF}.Debug|Any CPU.ActiveCfg = Debug|Any CPU
		{515D6365-98D3-4547-9E16-D830A92D2CAF}.Debug|Any CPU.Build.0 = Debug|Any CPU
		{515D6365-98D3-4547-9E16-D830A92D2CAF}.Release|Any CPU.ActiveCfg = Release|Any CPU
		{515D6365-98D3-4547-9E16-D830A92D2CAF}.Release|Any CPU.Build.0 = Release|Any CPU
	EndGlobalSection
	GlobalSection(SolutionProperties) = preSolution
		HideSolutionNode = FALSE
	EndGlobalSection
	GlobalSection(ExtensibilityGlobals) = postSolution
		SolutionGuid = {80902D84-A0E0-4D5E-9F64-71478E723817}
	EndGlobalSection
EndGlobal
